
Microsoft Visual Studio Solution File, Format Version 12.00
# Visual Studio 15
VisualStudioVersion = 15.0.27130.2003
MinimumVisualStudioVersion = 10.0.40219.1
Project("{FAE04EC0-301F-11D3-BF4B-00C04F79EFBC}") = "NavValueCalculator", "NavValueCalculator\NavValueCalculator.csproj", "{209DB62C-A2F2-451E-9053-9D2DDB87323F}"
EndProject
Global
	GlobalSection(SolutionConfigurationPlatforms) = preSolution
		Debug|Any CPU = Debug|Any CPU
		Release|Any CPU = Release|Any CPU
	EndGlobalSection
	GlobalSection(ProjectConfigurationPlatforms) = postSolution
		{209DB62C-A2F2-451E-9053-9D2DDB87323F}.Debug|Any CPU.ActiveCfg = Debug|Any CPU
		{209DB62C-A2F2-451E-9053-9D2DDB87323F}.Debug|Any CPU.Build.0 = Debug|Any CPU
		{209DB62C-A2F2-451E-9053-9D2DDB87323F}.Release|Any CPU.ActiveCfg = Release|Any CPU
		{209DB62C-A2F2-451E-9053-9D2DDB87323F}.Release|Any CPU.Build.0 = Release|Any CPU
	EndGlobalSection
	GlobalSection(SolutionProperties) = preSolution
		HideSolutionNode = FALSE
	EndGlobalSection
	GlobalSection(ExtensibilityGlobals) = postSolution
		SolutionGuid = {27F381D4-9F27-46A7-9BD5-6F07891D7BDC}
	EndGlobalSection
EndGlobal
